
Microsoft Visual Studio Solution File, Format Version 12.00
# Visual Studio Version 16
VisualStudioVersion = 16.0.30114.105
MinimumVisualStudioVersion = 10.0.40219.1
Project("{FAE04EC0-301F-11D3-BF4B-00C04F79EFBC}") = "InjecaoDependencia", "InjecaoDependencia\InjecaoDependencia.csproj", "{4F914866-EBDD-48A2-B44E-F5F36D8CA0D2}"
EndProject
Project("{FAE04EC0-301F-11D3-BF4B-00C04F79EFBC}") = "Exemplos", "Exemplos\Exemplos.csproj", "{0D814683-6F03-4D32-8C72-67103B829456}"
EndProject
Global
	GlobalSection(SolutionConfigurationPlatforms) = preSolution
		Debug|Any CPU = Debug|Any CPU
		Release|Any CPU = Release|Any CPU
	EndGlobalSection
	GlobalSection(SolutionProperties) = preSolution
		HideSolutionNode = FALSE
	EndGlobalSection
	GlobalSection(ProjectConfigurationPlatforms) = postSolution
		{4F914866-EBDD-48A2-B44E-F5F36D8CA0D2}.Debug|Any CPU.ActiveCfg = Debug|Any CPU
		{4F914866-EBDD-48A2-B44E-F5F36D8CA0D2}.Debug|Any CPU.Build.0 = Debug|Any CPU
		{4F914866-EBDD-48A2-B44E-F5F36D8CA0D2}.Release|Any CPU.ActiveCfg = Release|Any CPU
		{4F914866-EBDD-48A2-B44E-F5F36D8CA0D2}.Release|Any CPU.Build.0 = Release|Any CPU
		{0D814683-6F03-4D32-8C72-67103B829456}.Debug|Any CPU.ActiveCfg = Debug|Any CPU
		{0D814683-6F03-4D32-8C72-67103B829456}.Debug|Any CPU.Build.0 = Debug|Any CPU
		{0D814683-6F03-4D32-8C72-67103B829456}.Release|Any CPU.ActiveCfg = Release|Any CPU
		{0D814683-6F03-4D32-8C72-67103B829456}.Release|Any CPU.Build.0 = Release|Any CPU
	EndGlobalSection
EndGlobal
